// !$*UTF8*$!
{
	archiveVersion = 1;
	classes = {
	};
	objectVersion = 46;
	objects = {

/* Begin PBXBuildFile section */
		7A3027EF1E2377C9005ED2A6 /* AppDelegate.swift in Sources */ = {isa = PBXBuildFile; fileRef = 7A3027EE1E2377C9005ED2A6 /* AppDelegate.swift */; };
		7A3027F11E2377C9005ED2A6 /* ViewController.swift in Sources */ = {isa = PBXBuildFile; fileRef = 7A3027F01E2377C9005ED2A6 /* ViewController.swift */; };
		7A3027F41E2377C9005ED2A6 /* Main.storyboard in Resources */ = {isa = PBXBuildFile; fileRef = 7A3027F21E2377C9005ED2A6 /* Main.storyboard */; };
		7A3027F61E2377C9005ED2A6 /* Assets.xcassets in Resources */ = {isa = PBXBuildFile; fileRef = 7A3027F51E2377C9005ED2A6 /* Assets.xcassets */; };
		7A3027F91E2377C9005ED2A6 /* LaunchScreen.storyboard in Resources */ = {isa = PBXBuildFile; fileRef = 7A3027F71E2377C9005ED2A6 /* LaunchScreen.storyboard */; };
		7A3028011E237BDE005ED2A6 /* ButtonCreate.swift in Sources */ = {isa = PBXBuildFile; fileRef = 7A3028001E237BDE005ED2A6 /* ButtonCreate.swift */; };
/* End PBXBuildFile section */

/* Begin PBXFileReference section */
		7A3027EB1E2377C9005ED2A6 /* FactoryMethodPattern.app */ = {isa = PBXFileReference; explicitFileType = wrapper.application; includeInIndex = 0; path = FactoryMethodPattern.app; sourceTree = BUILT_PRODUCTS_DIR; };
		7A3027EE1E2377C9005ED2A6 /* AppDelegate.swift */ = {isa = PBXFileReference; lastKnownFileType = sourcecode.swift; path = AppDelegate.swift; sourceTree = "<group>"; };
		7A3027F01E2377C9005ED2A6 /* ViewController.swift */ = {isa = PBXFileReference; lastKnownFileType = sourcecode.swift; path = ViewController.swift; sourceTree = "<group>"; };
		7A3027F31E2377C9005ED2A6 /* Base */ = {isa = PBXFileReference; lastKnownFileType = file.storyboard; name = Base; path = Base.lproj/Main.storyboard; sourceTree = "<group>"; };
		7A3027F51E2377C9005ED2A6 /* Assets.xcassets */ = {isa = PBXFileReference; lastKnownFileType = folder.assetcatalog; path = Assets.xcassets; sourceTree = "<group>"; };
		7A3027F81E2377C9005ED2A6 /* Base */ = {isa = PBXFileReference; lastKnownFileType = file.storyboard; name = Base; path = Base.lproj/LaunchScreen.storyboard; sourceTree = "<group>"; };
		7A3027FA1E2377C9005ED2A6 /* Info.plist */ = {isa = PBXFileReference; lastKnownFileType = text.plist.xml; path = Info.plist; sourceTree = "<group>"; };
		7A3028001E237BDE005ED2A6 /* ButtonCreate.swift */ = {isa = PBXFileReference; fileEncoding = 4; lastKnownFileType = sourcecode.swift; path = ButtonCreate.swift; sourceTree = "<group>"; };
/* End PBXFileReference section */

/* Begin PBXFrameworksBuildPhase section */
		7A3027E81E2377C9005ED2A6 /* Frameworks */ = {
			isa = PBXFrameworksBuildPhase;
			buildActionMask = 2147483647;
			files = (
			);
			runOnlyForDeploymentPostprocessing = 0;
		};
/* End PBXFrameworksBuildPhase section */

/* Begin PBXGroup section */
		7A3027E21E2377C9005ED2A6 = {
			isa = PBXGroup;
			children = (
				7A3027ED1E2377C9005ED2A6 /* FactoryMethodPattern */,
				7A3027EC1E2377C9005ED2A6 /* Products */,
			);
			sourceTree = "<group>";
		};
		7A3027EC1E2377C9005ED2A6 /* Products */ = {
			isa = PBXGroup;
			children = (
				7A3027EB1E2377C9005ED2A6 /* FactoryMethodPattern.app */,
			);
			name = Products;
			sourceTree = "<group>";
		};
		7A3027ED1E2377C9005ED2A6 /* FactoryMethodPattern */ = {
			isa = PBXGroup;
			children = (
				7A3027EE1E2377C9005ED2A6 /* AppDelegate.swift */,
				7A3027F01E2377C9005ED2A6 /* ViewController.swift */,
				7A3028001E237BDE005ED2A6 /* ButtonCreate.swift */,
				7A3027F21E2377C9005ED2A6 /* Main.storyboard */,
				7A3027F51E2377C9005ED2A6 /* Assets.xcassets */,
				7A3027F71E2377C9005ED2A6 /* LaunchScreen.storyboard */,
				7A3027FA1E2377C9005ED2A6 /* Info.plist */,
			);
			path = FactoryMethodPattern;
			sourceTree = "<group>";
		};
/* End PBXGroup section */

/* Begin PBXNativeTarget section */
		7A3027EA1E2377C9005ED2A6 /* FactoryMethodPattern */ = {
			isa = PBXNativeTarget;
			buildConfigurationList = 7A3027FD1E2377C9005ED2A6 /* Build configuration list for PBXNativeTarget "FactoryMethodPattern" */;
			buildPhases = (
				7A3027E71E2377C9005ED2A6 /* Sources */,
				7A3027E81E2377C9005ED2A6 /* Frameworks */,
				7A3027E91E2377C9005ED2A6 /* Resources */,
			);
			buildRules = (
			);
			dependencies = (
			);
			name = FactoryMethodPattern;
			productName = FactoryMethodPattern;
			productReference = 7A3027EB1E2377C9005ED2A6 /* FactoryMethodPattern.app */;
			productType = "com.apple.product-type.application";
		};
/* End PBXNativeTarget section */

/* Begin PBXProject section */
		7A3027E31E2377C9005ED2A6 /* Project object */ = {
			isa = PBXProject;
			attributes = {
				LastSwiftUpdateCheck = 0800;
				LastUpgradeCheck = 0800;
				ORGANIZATIONNAME = YuHua;
				TargetAttributes = {
					7A3027EA1E2377C9005ED2A6 = {
						CreatedOnToolsVersion = 8.0;
						ProvisioningStyle = Automatic;
					};
				};
			};
			buildConfigurationList = 7A3027E61E2377C9005ED2A6 /* Build configuration list for PBXProject "FactoryMethodPattern" */;
			compatibilityVersion = "Xcode 3.2";
			developmentRegion = English;
			hasScannedForEncodings = 0;
			knownRegions = (
				en,
				Base,
			);
			mainGroup = 7A3027E21E2377C9005ED2A6;
			productRefGroup = 7A3027EC1E2377C9005ED2A6 /* Products */;
			projectDirPath = "";
			projectRoot = "";
			targets = (
				7A3027EA1E2377C9005ED2A6 /* FactoryMethodPattern */,
			);
		};
/* End PBXProject section */

/* Begin PBXResourcesBuildPhase section */
		7A3027E91E2377C9005ED2A6 /* Resources */ = {
			isa = PBXResourcesBuildPhase;
			buildActionMask = 2147483647;
			files = (
				7A3027F91E2377C9005ED2A6 /* LaunchScreen.storyboard in Resources */,
				7A3027F61E2377C9005ED2A6 /* Assets.xcassets in Resources */,
				7A3027F41E2377C9005ED2A6 /* Main.storyboard in Resources */,
			);
			runOnlyForDeploymentPostprocessing = 0;
		};
/* End PBXResourcesBuildPhase section */

/* Begin PBXSourcesBuildPhase section */
		7A3027E71E2377C9005ED2A6 /* Sources */ = {
			isa = PBXSourcesBuildPhase;
			buildActionMask = 2147483647;
			files = (
				7A3027F11E2377C9005ED2A6 /* ViewController.swift in Sources */,
				7A3027EF1E2377C9005ED2A6 /* AppDelegate.swift in Sources */,
				7A3028011E237BDE005ED2A6 /* ButtonCreate.swift in Sources */,
			);
			runOnlyForDeploymentPostprocessing = 0;
		};
/* End PBXSourcesBuildPhase section */

/* Begin PBXVariantGroup section */
		7A3027F21E2377C9005ED2A6 /* Main.storyboard */ = {
			isa = PBXVariantGroup;
			children = (
				7A3027F31E2377C9005ED2A6 /* Base */,
			);
			name = Main.storyboard;
			sourceTree = "<group>";
		};
		7A3027F71E2377C9005ED2A6 /* LaunchScreen.storyboard */ = {
			isa = PBXVariantGroup;
			children = (
				7A3027F81E2377C9005ED2A6 /* Base */,
			);
			name = LaunchScreen.storyboard;
			sourceTree = "<group>";
		};
/* End PBXVariantGroup section */

/* Begin XCBuildConfiguration section */
		7A3027FB1E2377C9005ED2A6 /* Debug */ = {
			isa = XCBuildConfiguration;
			buildSettings = {
				ALWAYS_SEARCH_USER_PATHS = NO;
				CLANG_ANALYZER_NONNULL = YES;
				CLANG_CXX_LANGUAGE_STANDARD = "gnu++0x";
				CLANG_CXX_LIBRARY = "libc++";
				CLANG_ENABLE_MODULES = YES;
				CLANG_ENABLE_OBJC_ARC = YES;
				CLANG_WARN_BOOL_CONVERSION = YES;
				CLANG_WARN_CONSTANT_CONVERSION = YES;
				CLANG_WARN_DIRECT_OBJC_ISA_USAGE = YES_ERROR;
				CLANG_WARN_DOCUMENTATION_COMMENTS = YES;
				CLANG_WARN_EMPTY_BODY = YES;
				CLANG_WARN_ENUM_CONVERSION = YES;
				CLANG_WARN_INFINITE_RECURSION = YES;
				CLANG_WARN_INT_CONVERSION = YES;
				CLANG_WARN_OBJC_ROOT_CLASS = YES_ERROR;
				CLANG_WARN_SUSPICIOUS_MOVES = YES;
				CLANG_WARN_UNREACHABLE_CODE = YES;
				CLANG_WARN__DUPLICATE_METHOD_MATCH = YES;
				"CODE_SIGN_IDENTITY[sdk=iphoneos*]" = "iPhone Developer";
				COPY_PHASE_STRIP = NO;
				DEBUG_INFORMATION_FORMAT = dwarf;
				ENABLE_STRICT_OBJC_MSGSEND = YES;
				ENABLE_TESTABILITY = YES;
				GCC_C_LANGUAGE_STANDARD = gnu99;
				GCC_DYNAMIC_NO_PIC = NO;
				GCC_NO_COMMON_BLOCKS = YES;
				GCC_OPTIMIZATION_LEVEL = 0;
				GCC_PREPROCESSOR_DEFINITIONS = (
					"DEBUG=1",
					"$(inherited)",
				);
				GCC_WARN_64_TO_32_BIT_CONVERSION = YES;
				GCC_WARN_ABOUT_RETURN_TYPE = YES_ERROR;
				GCC_WARN_UNDECLARED_SELECTOR = YES;
				GCC_WARN_UNINITIALIZED_AUTOS = YES_AGGRESSIVE;
				GCC_WARN_UNUSED_FUNCTION = YES;
				GCC_WARN_UNUSED_VARIABLE = YES;
				IPHONEOS_DEPLOYMENT_TARGET = 10.0;
				MTL_ENABLE_DEBUG_INFO = YES;
				ONLY_ACTIVE_ARCH = YES;
				SDKROOT = iphoneos;
				SWIFT_ACTIVE_COMPILATION_CONDITIONS = DEBUG;
				SWIFT_OPTIMIZATION_LEVEL = "-Onone";
			};
			name = Debug;
		};
		7A3027FC1E2377C9005ED2A6 /* Release */ = {
			isa = XCBuildConfiguration;
			buildSettings = {
				ALWAYS_SEARCH_USER_PATHS = NO;
				CLANG_ANALYZER_NONNULL = YES;
				CLANG_CXX_LANGUAGE_STANDARD = "gnu++0x";
				CLANG_CXX_LIBRARY = "libc++";
				CLANG_ENABLE_MODULES = YES;
				CLANG_ENABLE_OBJC_ARC = YES;
				CLANG_WARN_BOOL_CONVERSION = YES;
				CLANG_WARN_CONSTANT_CONVERSION = YES;
				CLANG_WARN_DIRECT_OBJC_ISA_USAGE = YES_ERROR;
				CLANG_WARN_DOCUMENTATION_COMMENTS = YES;
				CLANG_WARN_EMPTY_BODY = YES;
				CLANG_WARN_ENUM_CONVERSION = YES;
				CLANG_WARN_INFINITE_RECURSION = YES;
				CLANG_WARN_INT_CONVERSION = YES;
				CLANG_WARN_OBJC_ROOT_CLASS = YES_ERROR;
				CLANG_WARN_SUSPICIOUS_MOVES = YES;
				CLANG_WARN_UNREACHABLE_CODE = YES;
				CLANG_WARN__DUPLICATE_METHOD_MATCH = YES;
				"CODE_SIGN_IDENTITY[sdk=iphoneos*]" = "iPhone Developer";
				COPY_PHASE_STRIP = NO;
				DEBUG_INFORMATION_FORMAT = "dwarf-with-dsym";
				ENABLE_NS_ASSERTIONS = NO;
				ENABLE_STRICT_OBJC_MSGSEND = YES;
				GCC_C_LANGUAGE_STANDARD = gnu99;
				GCC_NO_COMMON_BLOCKS = YES;
				GCC_WARN_64_TO_32_BIT_CONVERSION = YES;
				GCC_WARN_ABOUT_RETURN_TYPE = YES_ERROR;
				GCC_WARN_UNDECLARED_SELECTOR = YES;
				GCC_WARN_UNINITIALIZED_AUTOS = YES_AGGRESSIVE;
				GCC_WARN_UNUSED_FUNCTION = YES;
				GCC_WARN_UNUSED_VARIABLE = YES;
				IPHONEOS_DEPLOYMENT_TARGET = 10.0;
				MTL_ENABLE_DEBUG_INFO = NO;
				SDKROOT = iphoneos;
				SWIFT_OPTIMIZATION_LEVEL = "-Owholemodule";
				VALIDATE_PRODUCT = YES;
			};
			name = Release;
		};
		7A3027FE1E2377C9005ED2A6 /* Debug */ = {
			isa = XCBuildConfiguration;
			buildSettings = {
				ASSETCATALOG_COMPILER_APPICON_NAME = AppIcon;
				INFOPLIST_FILE = FactoryMethodPattern/Info.plist;
				LD_RUNPATH_SEARCH_PATHS = "$(inherited) @executable_path/Frameworks";
				PRODUCT_BUNDLE_IDENTIFIER = com.yuhua.FactoryMethodPattern;
				PRODUCT_NAME = "$(TARGET_NAME)";
				SWIFT_VERSION = 3.0;
			};
			name = Debug;
		};
		7A3027FF1E2377C9005ED2A6 /* Release */ = {
			isa = XCBuildConfiguration;
			buildSettings = {
				ASSETCATALOG_COMPILER_APPICON_NAME = AppIcon;
				INFOPLIST_FILE = FactoryMethodPattern/Info.plist;
				LD_RUNPATH_SEARCH_PATHS = "$(inherited) @executable_path/Frameworks";
				PRODUCT_BUNDLE_IDENTIFIER = com.yuhua.FactoryMethodPattern;
				PRODUCT_NAME = "$(TARGET_NAME)";
				SWIFT_VERSION = 3.0;
			};
			name = Release;
		};
/* End XCBuildConfiguration section */

/* Begin XCConfigurationList section */
		7A3027E61E2377C9005ED2A6 /* Build configuration list for PBXProject "FactoryMethodPattern" */ = {
			isa = XCConfigurationList;
			buildConfigurations = (
				7A3027FB1E2377C9005ED2A6 /* Debug */,
				7A3027FC1E2377C9005ED2A6 /* Release */,
			);
			defaultConfigurationIsVisible = 0;
			defaultConfigurationName = Release;
		};
		7A3027FD1E2377C9005ED2A6 /* Build configuration list for PBXNativeTarget "FactoryMethodPattern" */ = {
			isa = XCConfigurationList;
			buildConfigurations = (
				7A3027FE1E2377C9005ED2A6 /* Debug */,
				7A3027FF1E2377C9005ED2A6 /* Release */,
			);
			defaultConfigurationIsVisible = 0;
		};
/* End XCConfigurationList section */
	};
	rootObject = 7A3027E31E2377C9005ED2A6 /* Project object */;
}
